// !$*UTF8*$!
{
	archiveVersion = 1;
	classes = {
	};
	objectVersion = 46;
	objects = {

/* Begin PBXBuildFile section */
		9E89B2621B934C75009A94AA /* libICPatternLock.a in Frameworks */ = {isa = PBXBuildFile; fileRef = 9E89B2561B934C74009A94AA /* libICPatternLock.a */; };
		9E89B2971B934DE2009A94AA /* ICPatternLockManager.m in Sources */ = {isa = PBXBuildFile; fileRef = 9E89B27B1B934DE2009A94AA /* ICPatternLockManager.m */; };
		9E89B2981B934DE2009A94AA /* ICPatternLockManager.m in Sources */ = {isa = PBXBuildFile; fileRef = 9E89B27B1B934DE2009A94AA /* ICPatternLockManager.m */; };
		9E89B29B1B934DE2009A94AA /* ICPatternLockNavigationController.m in Sources */ = {isa = PBXBuildFile; fileRef = 9E89B2821B934DE2009A94AA /* ICPatternLockNavigationController.m */; };
		9E89B29C1B934DE2009A94AA /* ICPatternLockNavigationController.m in Sources */ = {isa = PBXBuildFile; fileRef = 9E89B2821B934DE2009A94AA /* ICPatternLockNavigationController.m */; };
		9E89B29D1B934DE2009A94AA /* ICPatternLockViewController.m in Sources */ = {isa = PBXBuildFile; fileRef = 9E89B2841B934DE2009A94AA /* ICPatternLockViewController.m */; };
		9E89B29E1B934DE2009A94AA /* ICPatternLockViewController.m in Sources */ = {isa = PBXBuildFile; fileRef = 9E89B2841B934DE2009A94AA /* ICPatternLockViewController.m */; };
		9E89B2A31B934DE2009A94AA /* ICPatternNodeView.m in Sources */ = {isa = PBXBuildFile; fileRef = 9E89B2911B934DE2009A94AA /* ICPatternNodeView.m */; };
		9E89B2A41B934DE2009A94AA /* ICPatternNodeView.m in Sources */ = {isa = PBXBuildFile; fileRef = 9E89B2911B934DE2009A94AA /* ICPatternNodeView.m */; };
		9E89B2A51B934DE2009A94AA /* ICPatternLockHintLabel.m in Sources */ = {isa = PBXBuildFile; fileRef = 9E89B2931B934DE2009A94AA /* ICPatternLockHintLabel.m */; };
		9E89B2A61B934DE2009A94AA /* ICPatternLockHintLabel.m in Sources */ = {isa = PBXBuildFile; fileRef = 9E89B2931B934DE2009A94AA /* ICPatternLockHintLabel.m */; };
		9E89B2A71B934DE2009A94AA /* ICPatternLockView.mm in Sources */ = {isa = PBXBuildFile; fileRef = 9E89B2951B934DE2009A94AA /* ICPatternLockView.mm */; };
		9E89B2A81B934DE2009A94AA /* ICPatternLockView.mm in Sources */ = {isa = PBXBuildFile; fileRef = 9E89B2951B934DE2009A94AA /* ICPatternLockView.mm */; };
		9E89B3051B942664009A94AA /* ICPreferences.m in Sources */ = {isa = PBXBuildFile; fileRef = 9E89B2FE1B942664009A94AA /* ICPreferences.m */; };
		9E89B3061B942664009A94AA /* ICPreferences.m in Sources */ = {isa = PBXBuildFile; fileRef = 9E89B2FE1B942664009A94AA /* ICPreferences.m */; };
		9E89B3071B942664009A94AA /* ICResourceBridge.m in Sources */ = {isa = PBXBuildFile; fileRef = 9E89B3021B942664009A94AA /* ICResourceBridge.m */; };
		9E89B3081B942664009A94AA /* ICResourceBridge.m in Sources */ = {isa = PBXBuildFile; fileRef = 9E89B3021B942664009A94AA /* ICResourceBridge.m */; };
		9E89B30D1B942776009A94AA /* ICPatternHandler.m in Sources */ = {isa = PBXBuildFile; fileRef = 9E89B30B1B942776009A94AA /* ICPatternHandler.m */; };
		9E89B30E1B942776009A94AA /* ICPatternHandler.m in Sources */ = {isa = PBXBuildFile; fileRef = 9E89B30B1B942776009A94AA /* ICPatternHandler.m */; };
/* End PBXBuildFile section */

/* Begin PBXContainerItemProxy section */
		9E89B2631B934C75009A94AA /* PBXContainerItemProxy */ = {
			isa = PBXContainerItemProxy;
			containerPortal = 9E89B24E1B934C74009A94AA /* Project object */;
			proxyType = 1;
			remoteGlobalIDString = 9E89B2551B934C74009A94AA;
			remoteInfo = ICPatternLock;
		};
/* End PBXContainerItemProxy section */

/* Begin PBXCopyFilesBuildPhase section */
		9E89B2541B934C74009A94AA /* CopyFiles */ = {
			isa = PBXCopyFilesBuildPhase;
			buildActionMask = 2147483647;
			dstPath = "include/$(PRODUCT_NAME)";
			dstSubfolderSpec = 16;
			files = (
			);
			runOnlyForDeploymentPostprocessing = 0;
		};
/* End PBXCopyFilesBuildPhase section */

/* Begin PBXFileReference section */
		9E89B2561B934C74009A94AA /* libICPatternLock.a */ = {isa = PBXFileReference; explicitFileType = archive.ar; includeInIndex = 0; path = libICPatternLock.a; sourceTree = BUILT_PRODUCTS_DIR; };
		9E89B2611B934C75009A94AA /* ICPatternLockTests.xctest */ = {isa = PBXFileReference; explicitFileType = wrapper.cfbundle; includeInIndex = 0; path = ICPatternLockTests.xctest; sourceTree = BUILT_PRODUCTS_DIR; };
		9E89B2671B934C75009A94AA /* Info.plist */ = {isa = PBXFileReference; lastKnownFileType = text.plist.xml; path = Info.plist; sourceTree = "<group>"; };
		9E89B27A1B934DE2009A94AA /* ICPatternLockManager.h */ = {isa = PBXFileReference; fileEncoding = 4; lastKnownFileType = sourcecode.c.h; path = ICPatternLockManager.h; sourceTree = "<group>"; };
		9E89B27B1B934DE2009A94AA /* ICPatternLockManager.m */ = {isa = PBXFileReference; fileEncoding = 4; lastKnownFileType = sourcecode.c.objc; path = ICPatternLockManager.m; sourceTree = "<group>"; };
		9E89B2811B934DE2009A94AA /* ICPatternLockNavigationController.h */ = {isa = PBXFileReference; fileEncoding = 4; lastKnownFileType = sourcecode.c.h; path = ICPatternLockNavigationController.h; sourceTree = "<group>"; };
		9E89B2821B934DE2009A94AA /* ICPatternLockNavigationController.m */ = {isa = PBXFileReference; fileEncoding = 4; lastKnownFileType = sourcecode.c.objc; path = ICPatternLockNavigationController.m; sourceTree = "<group>"; };
		9E89B2831B934DE2009A94AA /* ICPatternLockViewController.h */ = {isa = PBXFileReference; fileEncoding = 4; lastKnownFileType = sourcecode.c.h; path = ICPatternLockViewController.h; sourceTree = "<group>"; };
		9E89B2841B934DE2009A94AA /* ICPatternLockViewController.m */ = {isa = PBXFileReference; fileEncoding = 4; lastKnownFileType = sourcecode.c.objc; path = ICPatternLockViewController.m; sourceTree = "<group>"; };
		9E89B2901B934DE2009A94AA /* ICPatternNodeView.h */ = {isa = PBXFileReference; fileEncoding = 4; lastKnownFileType = sourcecode.c.h; path = ICPatternNodeView.h; sourceTree = "<group>"; };
		9E89B2911B934DE2009A94AA /* ICPatternNodeView.m */ = {isa = PBXFileReference; fileEncoding = 4; lastKnownFileType = sourcecode.c.objc; path = ICPatternNodeView.m; sourceTree = "<group>"; };
		9E89B2921B934DE2009A94AA /* ICPatternLockHintLabel.h */ = {isa = PBXFileReference; fileEncoding = 4; lastKnownFileType = sourcecode.c.h; path = ICPatternLockHintLabel.h; sourceTree = "<group>"; };
		9E89B2931B934DE2009A94AA /* ICPatternLockHintLabel.m */ = {isa = PBXFileReference; fileEncoding = 4; lastKnownFileType = sourcecode.c.objc; path = ICPatternLockHintLabel.m; sourceTree = "<group>"; };
		9E89B2941B934DE2009A94AA /* ICPatternLockView.h */ = {isa = PBXFileReference; fileEncoding = 4; lastKnownFileType = sourcecode.c.h; path = ICPatternLockView.h; sourceTree = "<group>"; };
		9E89B2951B934DE2009A94AA /* ICPatternLockView.mm */ = {isa = PBXFileReference; fileEncoding = 4; lastKnownFileType = sourcecode.cpp.objcpp; path = ICPatternLockView.mm; sourceTree = "<group>"; };
		9E89B2961B934DE2009A94AA /* ICPatternLock.h */ = {isa = PBXFileReference; fileEncoding = 4; lastKnownFileType = sourcecode.c.h; path = ICPatternLock.h; sourceTree = "<group>"; };
		9E89B2FD1B942664009A94AA /* ICPreferences.h */ = {isa = PBXFileReference; fileEncoding = 4; lastKnownFileType = sourcecode.c.h; path = ICPreferences.h; sourceTree = "<group>"; };
		9E89B2FE1B942664009A94AA /* ICPreferences.m */ = {isa = PBXFileReference; fileEncoding = 4; lastKnownFileType = sourcecode.c.objc; path = ICPreferences.m; sourceTree = "<group>"; };
		9E89B3011B942664009A94AA /* ICResourceBridge.h */ = {isa = PBXFileReference; fileEncoding = 4; lastKnownFileType = sourcecode.c.h; path = ICResourceBridge.h; sourceTree = "<group>"; };
		9E89B3021B942664009A94AA /* ICResourceBridge.m */ = {isa = PBXFileReference; fileEncoding = 4; lastKnownFileType = sourcecode.c.objc; path = ICResourceBridge.m; sourceTree = "<group>"; };
		9E89B30A1B942776009A94AA /* ICPatternHandler.h */ = {isa = PBXFileReference; fileEncoding = 4; lastKnownFileType = sourcecode.c.h; path = ICPatternHandler.h; sourceTree = "<group>"; };
		9E89B30B1B942776009A94AA /* ICPatternHandler.m */ = {isa = PBXFileReference; fileEncoding = 4; lastKnownFileType = sourcecode.c.objc; path = ICPatternHandler.m; sourceTree = "<group>"; };
		9E89B30C1B942776009A94AA /* ICPatternHandlerProtocol.h */ = {isa = PBXFileReference; fileEncoding = 4; lastKnownFileType = sourcecode.c.h; path = ICPatternHandlerProtocol.h; sourceTree = "<group>"; };
		9E89B47D1B9C3886009A94AA /* PLPreferencesKeyDef.h */ = {isa = PBXFileReference; lastKnownFileType = sourcecode.c.h; path = PLPreferencesKeyDef.h; sourceTree = "<group>"; };
		9E89B47E1B9C3886009A94AA /* PLResourceColorKeyDef.h */ = {isa = PBXFileReference; lastKnownFileType = sourcecode.c.h; path = PLResourceColorKeyDef.h; sourceTree = "<group>"; };
		9E89B47F1B9C3886009A94AA /* PLResourceTextKeyDef.h */ = {isa = PBXFileReference; lastKnownFileType = sourcecode.c.h; path = PLResourceTextKeyDef.h; sourceTree = "<group>"; };
/* End PBXFileReference section */

/* Begin PBXFrameworksBuildPhase section */
		9E89B2531B934C74009A94AA /* Frameworks */ = {
			isa = PBXFrameworksBuildPhase;
			buildActionMask = 2147483647;
			files = (
			);
			runOnlyForDeploymentPostprocessing = 0;
		};
		9E89B25E1B934C75009A94AA /* Frameworks */ = {
			isa = PBXFrameworksBuildPhase;
			buildActionMask = 2147483647;
			files = (
				9E89B2621B934C75009A94AA /* libICPatternLock.a in Frameworks */,
			);
			runOnlyForDeploymentPostprocessing = 0;
		};
/* End PBXFrameworksBuildPhase section */

/* Begin PBXGroup section */
		9E89B24D1B934C74009A94AA = {
			isa = PBXGroup;
			children = (
				9E89B2581B934C74009A94AA /* ICPatternLock */,
				9E89B2651B934C75009A94AA /* ICPatternLockTests */,
				9E89B3FB1B98AAF5009A94AA /* Frameworks */,
				9E89B2571B934C74009A94AA /* Products */,
			);
			sourceTree = "<group>";
		};
		9E89B2571B934C74009A94AA /* Products */ = {
			isa = PBXGroup;
			children = (
				9E89B2561B934C74009A94AA /* libICPatternLock.a */,
				9E89B2611B934C75009A94AA /* ICPatternLockTests.xctest */,
			);
			name = Products;
			sourceTree = "<group>";
		};
		9E89B2581B934C74009A94AA /* ICPatternLock */ = {
			isa = PBXGroup;
			children = (
				9E89B2961B934DE2009A94AA /* ICPatternLock.h */,
				9E89B2791B934DE2009A94AA /* Classes */,
			);
			path = ICPatternLock;
			sourceTree = "<group>";
		};
		9E89B2651B934C75009A94AA /* ICPatternLockTests */ = {
			isa = PBXGroup;
			children = (
				9E89B2661B934C75009A94AA /* Supporting Files */,
			);
			path = ICPatternLockTests;
			sourceTree = "<group>";
		};
		9E89B2661B934C75009A94AA /* Supporting Files */ = {
			isa = PBXGroup;
			children = (
				9E89B2671B934C75009A94AA /* Info.plist */,
			);
			name = "Supporting Files";
			sourceTree = "<group>";
		};
		9E89B2791B934DE2009A94AA /* Classes */ = {
			isa = PBXGroup;
			children = (
				9E89B47D1B9C3886009A94AA /* PLPreferencesKeyDef.h */,
				9E89B47E1B9C3886009A94AA /* PLResourceColorKeyDef.h */,
				9E89B47F1B9C3886009A94AA /* PLResourceTextKeyDef.h */,
				9E89B27A1B934DE2009A94AA /* ICPatternLockManager.h */,
				9E89B27B1B934DE2009A94AA /* ICPatternLockManager.m */,
				9E89B2801B934DE2009A94AA /* Controller */,
				9E89B28F1B934DE2009A94AA /* Views */,
				9E89B3091B942776009A94AA /* PatternHandler */,
				9E89B2FB1B942664009A94AA /* Tools */,
			);
			path = Classes;
			sourceTree = "<group>";
		};
		9E89B2801B934DE2009A94AA /* Controller */ = {
			isa = PBXGroup;
			children = (
				9E89B2811B934DE2009A94AA /* ICPatternLockNavigationController.h */,
				9E89B2821B934DE2009A94AA /* ICPatternLockNavigationController.m */,
				9E89B2831B934DE2009A94AA /* ICPatternLockViewController.h */,
				9E89B2841B934DE2009A94AA /* ICPatternLockViewController.m */,
			);
			path = Controller;
			sourceTree = "<group>";
		};
		9E89B28F1B934DE2009A94AA /* Views */ = {
			isa = PBXGroup;
			children = (
				9E89B2901B934DE2009A94AA /* ICPatternNodeView.h */,
				9E89B2911B934DE2009A94AA /* ICPatternNodeView.m */,
				9E89B2921B934DE2009A94AA /* ICPatternLockHintLabel.h */,
				9E89B2931B934DE2009A94AA /* ICPatternLockHintLabel.m */,
				9E89B2941B934DE2009A94AA /* ICPatternLockView.h */,
				9E89B2951B934DE2009A94AA /* ICPatternLockView.mm */,
			);
			path = Views;
			sourceTree = "<group>";
		};
		9E89B2FB1B942664009A94AA /* Tools */ = {
			isa = PBXGroup;
			children = (
				9E89B2FC1B942664009A94AA /* ICPreferences */,
				9E89B3001B942664009A94AA /* ICResourceBridge */,
			);
			path = Tools;
			sourceTree = "<group>";
		};
		9E89B2FC1B942664009A94AA /* ICPreferences */ = {
			isa = PBXGroup;
			children = (
				9E89B2FD1B942664009A94AA /* ICPreferences.h */,
				9E89B2FE1B942664009A94AA /* ICPreferences.m */,
			);
			path = ICPreferences;
			sourceTree = "<group>";
		};
		9E89B3001B942664009A94AA /* ICResourceBridge */ = {
			isa = PBXGroup;
			children = (
				9E89B3011B942664009A94AA /* ICResourceBridge.h */,
				9E89B3021B942664009A94AA /* ICResourceBridge.m */,
			);
			path = ICResourceBridge;
			sourceTree = "<group>";
		};
		9E89B3091B942776009A94AA /* PatternHandler */ = {
			isa = PBXGroup;
			children = (
				9E89B30A1B942776009A94AA /* ICPatternHandler.h */,
				9E89B30B1B942776009A94AA /* ICPatternHandler.m */,
				9E89B30C1B942776009A94AA /* ICPatternHandlerProtocol.h */,
			);
			path = PatternHandler;
			sourceTree = "<group>";
		};
		9E89B3FB1B98AAF5009A94AA /* Frameworks */ = {
			isa = PBXGroup;
			children = (
			);
			name = Frameworks;
			sourceTree = "<group>";
		};
/* End PBXGroup section */

/* Begin PBXNativeTarget section */
		9E89B2551B934C74009A94AA /* ICPatternLock */ = {
			isa = PBXNativeTarget;
			buildConfigurationList = 9E89B26A1B934C75009A94AA /* Build configuration list for PBXNativeTarget "ICPatternLock" */;
			buildPhases = (
				9E89B2521B934C74009A94AA /* Sources */,
				9E89B2531B934C74009A94AA /* Frameworks */,
				9E89B2541B934C74009A94AA /* CopyFiles */,
			);
			buildRules = (
			);
			dependencies = (
			);
			name = ICPatternLock;
			productName = ICPatternLock;
			productReference = 9E89B2561B934C74009A94AA /* libICPatternLock.a */;
			productType = "com.apple.product-type.library.static";
		};
		9E89B2601B934C75009A94AA /* ICPatternLockTests */ = {
			isa = PBXNativeTarget;
			buildConfigurationList = 9E89B26D1B934C75009A94AA /* Build configuration list for PBXNativeTarget "ICPatternLockTests" */;
			buildPhases = (
				9E89B25D1B934C75009A94AA /* Sources */,
				9E89B25E1B934C75009A94AA /* Frameworks */,
				9E89B25F1B934C75009A94AA /* Resources */,
			);
			buildRules = (
			);
			dependencies = (
				9E89B2641B934C75009A94AA /* PBXTargetDependency */,
			);
			name = ICPatternLockTests;
			productName = ICPatternLockTests;
			productReference = 9E89B2611B934C75009A94AA /* ICPatternLockTests.xctest */;
			productType = "com.apple.product-type.bundle.unit-test";
		};
/* End PBXNativeTarget section */

/* Begin PBXProject section */
		9E89B24E1B934C74009A94AA /* Project object */ = {
			isa = PBXProject;
			attributes = {
				LastUpgradeCheck = 0640;
				ORGANIZATIONNAME = _ivanC;
				TargetAttributes = {
					9E89B2551B934C74009A94AA = {
						CreatedOnToolsVersion = 6.4;
					};
					9E89B2601B934C75009A94AA = {
						CreatedOnToolsVersion = 6.4;
					};
				};
			};
			buildConfigurationList = 9E89B2511B934C74009A94AA /* Build configuration list for PBXProject "ICPatternLock" */;
			compatibilityVersion = "Xcode 3.2";
			developmentRegion = English;
			hasScannedForEncodings = 0;
			knownRegions = (
				en,
			);
			mainGroup = 9E89B24D1B934C74009A94AA;
			productRefGroup = 9E89B2571B934C74009A94AA /* Products */;
			projectDirPath = "";
			projectRoot = "";
			targets = (
				9E89B2551B934C74009A94AA /* ICPatternLock */,
				9E89B2601B934C75009A94AA /* ICPatternLockTests */,
			);
		};
/* End PBXProject section */

/* Begin PBXResourcesBuildPhase section */
		9E89B25F1B934C75009A94AA /* Resources */ = {
			isa = PBXResourcesBuildPhase;
			buildActionMask = 2147483647;
			files = (
			);
			runOnlyForDeploymentPostprocessing = 0;
		};
/* End PBXResourcesBuildPhase section */

/* Begin PBXSourcesBuildPhase section */
		9E89B2521B934C74009A94AA /* Sources */ = {
			isa = PBXSourcesBuildPhase;
			buildActionMask = 2147483647;
			files = (
				9E89B3051B942664009A94AA /* ICPreferences.m in Sources */,
				9E89B2A71B934DE2009A94AA /* ICPatternLockView.mm in Sources */,
				9E89B2A51B934DE2009A94AA /* ICPatternLockHintLabel.m in Sources */,
				9E89B2971B934DE2009A94AA /* ICPatternLockManager.m in Sources */,
				9E89B29B1B934DE2009A94AA /* ICPatternLockNavigationController.m in Sources */,
				9E89B2A31B934DE2009A94AA /* ICPatternNodeView.m in Sources */,
				9E89B3071B942664009A94AA /* ICResourceBridge.m in Sources */,
				9E89B30D1B942776009A94AA /* ICPatternHandler.m in Sources */,
				9E89B29D1B934DE2009A94AA /* ICPatternLockViewController.m in Sources */,
			);
			runOnlyForDeploymentPostprocessing = 0;
		};
		9E89B25D1B934C75009A94AA /* Sources */ = {
			isa = PBXSourcesBuildPhase;
			buildActionMask = 2147483647;
			files = (
				9E89B3061B942664009A94AA /* ICPreferences.m in Sources */,
				9E89B2A81B934DE2009A94AA /* ICPatternLockView.mm in Sources */,
				9E89B2A61B934DE2009A94AA /* ICPatternLockHintLabel.m in Sources */,
				9E89B2981B934DE2009A94AA /* ICPatternLockManager.m in Sources */,
				9E89B29C1B934DE2009A94AA /* ICPatternLockNavigationController.m in Sources */,
				9E89B2A41B934DE2009A94AA /* ICPatternNodeView.m in Sources */,
				9E89B3081B942664009A94AA /* ICResourceBridge.m in Sources */,
				9E89B30E1B942776009A94AA /* ICPatternHandler.m in Sources */,
				9E89B29E1B934DE2009A94AA /* ICPatternLockViewController.m in Sources */,
			);
			runOnlyForDeploymentPostprocessing = 0;
		};
/* End PBXSourcesBuildPhase section */

/* Begin PBXTargetDependency section */
		9E89B2641B934C75009A94AA /* PBXTargetDependency */ = {
			isa = PBXTargetDependency;
			target = 9E89B2551B934C74009A94AA /* ICPatternLock */;
			targetProxy = 9E89B2631B934C75009A94AA /* PBXContainerItemProxy */;
		};
/* End PBXTargetDependency section */

/* Begin XCBuildConfiguration section */
		9E89B2681B934C75009A94AA /* Debug */ = {
			isa = XCBuildConfiguration;
			buildSettings = {
				ALWAYS_SEARCH_USER_PATHS = NO;
				CLANG_CXX_LANGUAGE_STANDARD = "gnu++0x";
				CLANG_CXX_LIBRARY = "libc++";
				CLANG_ENABLE_MODULES = YES;
				CLANG_ENABLE_OBJC_ARC = YES;
				CLANG_WARN_BOOL_CONVERSION = YES;
				CLANG_WARN_CONSTANT_CONVERSION = YES;
				CLANG_WARN_DIRECT_OBJC_ISA_USAGE = YES_ERROR;
				CLANG_WARN_EMPTY_BODY = YES;
				CLANG_WARN_ENUM_CONVERSION = YES;
				CLANG_WARN_INT_CONVERSION = YES;
				CLANG_WARN_OBJC_ROOT_CLASS = YES_ERROR;
				CLANG_WARN_UNREACHABLE_CODE = YES;
				CLANG_WARN__DUPLICATE_METHOD_MATCH = YES;
				COPY_PHASE_STRIP = NO;
				DEBUG_INFORMATION_FORMAT = "dwarf-with-dsym";
				ENABLE_STRICT_OBJC_MSGSEND = YES;
				GCC_C_LANGUAGE_STANDARD = gnu99;
				GCC_DYNAMIC_NO_PIC = NO;
				GCC_NO_COMMON_BLOCKS = YES;
				GCC_OPTIMIZATION_LEVEL = 0;
				GCC_PREPROCESSOR_DEFINITIONS = (
					"DEBUG=1",
					"$(inherited)",
				);
				GCC_SYMBOLS_PRIVATE_EXTERN = NO;
				GCC_WARN_64_TO_32_BIT_CONVERSION = YES;
				GCC_WARN_ABOUT_RETURN_TYPE = YES_ERROR;
				GCC_WARN_UNDECLARED_SELECTOR = YES;
				GCC_WARN_UNINITIALIZED_AUTOS = YES_AGGRESSIVE;
				GCC_WARN_UNUSED_FUNCTION = YES;
				GCC_WARN_UNUSED_VARIABLE = YES;
				IPHONEOS_DEPLOYMENT_TARGET = 8.4;
				MTL_ENABLE_DEBUG_INFO = YES;
				ONLY_ACTIVE_ARCH = YES;
				SDKROOT = iphoneos;
			};
			name = Debug;
		};
		9E89B2691B934C75009A94AA /* Release */ = {
			isa = XCBuildConfiguration;
			buildSettings = {
				ALWAYS_SEARCH_USER_PATHS = NO;
				CLANG_CXX_LANGUAGE_STANDARD = "gnu++0x";
				CLANG_CXX_LIBRARY = "libc++";
				CLANG_ENABLE_MODULES = YES;
				CLANG_ENABLE_OBJC_ARC = YES;
				CLANG_WARN_BOOL_CONVERSION = YES;
				CLANG_WARN_CONSTANT_CONVERSION = YES;
				CLANG_WARN_DIRECT_OBJC_ISA_USAGE = YES_ERROR;
				CLANG_WARN_EMPTY_BODY = YES;
				CLANG_WARN_ENUM_CONVERSION = YES;
				CLANG_WARN_INT_CONVERSION = YES;
				CLANG_WARN_OBJC_ROOT_CLASS = YES_ERROR;
				CLANG_WARN_UNREACHABLE_CODE = YES;
				CLANG_WARN__DUPLICATE_METHOD_MATCH = YES;
				COPY_PHASE_STRIP = NO;
				DEBUG_INFORMATION_FORMAT = "dwarf-with-dsym";
				ENABLE_NS_ASSERTIONS = NO;
				ENABLE_STRICT_OBJC_MSGSEND = YES;
				GCC_C_LANGUAGE_STANDARD = gnu99;
				GCC_NO_COMMON_BLOCKS = YES;
				GCC_WARN_64_TO_32_BIT_CONVERSION = YES;
				GCC_WARN_ABOUT_RETURN_TYPE = YES_ERROR;
				GCC_WARN_UNDECLARED_SELECTOR = YES;
				GCC_WARN_UNINITIALIZED_AUTOS = YES_AGGRESSIVE;
				GCC_WARN_UNUSED_FUNCTION = YES;
				GCC_WARN_UNUSED_VARIABLE = YES;
				IPHONEOS_DEPLOYMENT_TARGET = 8.4;
				MTL_ENABLE_DEBUG_INFO = NO;
				SDKROOT = iphoneos;
				VALIDATE_PRODUCT = YES;
			};
			name = Release;
		};
		9E89B26B1B934C75009A94AA /* Debug */ = {
			isa = XCBuildConfiguration;
			buildSettings = {
				OTHER_LDFLAGS = "-ObjC";
				PRODUCT_NAME = "$(TARGET_NAME)";
				SKIP_INSTALL = YES;
			};
			name = Debug;
		};
		9E89B26C1B934C75009A94AA /* Release */ = {
			isa = XCBuildConfiguration;
			buildSettings = {
				OTHER_LDFLAGS = "-ObjC";
				PRODUCT_NAME = "$(TARGET_NAME)";
				SKIP_INSTALL = YES;
			};
			name = Release;
		};
		9E89B26E1B934C75009A94AA /* Debug */ = {
			isa = XCBuildConfiguration;
			buildSettings = {
				"CODE_SIGN_IDENTITY[sdk=iphoneos*]" = "iPhone Developer";
				FRAMEWORK_SEARCH_PATHS = (
					"$(SDKROOT)/Developer/Library/Frameworks",
					"$(inherited)",
				);
				GCC_PREPROCESSOR_DEFINITIONS = (
					"DEBUG=1",
					"$(inherited)",
				);
				INFOPLIST_FILE = ICPatternLockTests/Info.plist;
				LD_RUNPATH_SEARCH_PATHS = "$(inherited) @executable_path/Frameworks @loader_path/Frameworks";
				PRODUCT_NAME = "$(TARGET_NAME)";
			};
			name = Debug;
		};
		9E89B26F1B934C75009A94AA /* Release */ = {
			isa = XCBuildConfiguration;
			buildSettings = {
				"CODE_SIGN_IDENTITY[sdk=iphoneos*]" = "iPhone Developer";
				FRAMEWORK_SEARCH_PATHS = (
					"$(SDKROOT)/Developer/Library/Frameworks",
					"$(inherited)",
				);
				INFOPLIST_FILE = ICPatternLockTests/Info.plist;
				LD_RUNPATH_SEARCH_PATHS = "$(inherited) @executable_path/Frameworks @loader_path/Frameworks";
				PRODUCT_NAME = "$(TARGET_NAME)";
			};
			name = Release;
		};
/* End XCBuildConfiguration section */

/* Begin XCConfigurationList section */
		9E89B2511B934C74009A94AA /* Build configuration list for PBXProject "ICPatternLock" */ = {
			isa = XCConfigurationList;
			buildConfigurations = (
				9E89B2681B934C75009A94AA /* Debug */,
				9E89B2691B934C75009A94AA /* Release */,
			);
			defaultConfigurationIsVisible = 0;
			defaultConfigurationName = Release;
		};
		9E89B26A1B934C75009A94AA /* Build configuration list for PBXNativeTarget "ICPatternLock" */ = {
			isa = XCConfigurationList;
			buildConfigurations = (
				9E89B26B1B934C75009A94AA /* Debug */,
				9E89B26C1B934C75009A94AA /* Release */,
			);
			defaultConfigurationIsVisible = 0;
			defaultConfigurationName = Release;
		};
		9E89B26D1B934C75009A94AA /* Build configuration list for PBXNativeTarget "ICPatternLockTests" */ = {
			isa = XCConfigurationList;
			buildConfigurations = (
				9E89B26E1B934C75009A94AA /* Debug */,
				9E89B26F1B934C75009A94AA /* Release */,
			);
			defaultConfigurationIsVisible = 0;
			defaultConfigurationName = Release;
		};
/* End XCConfigurationList section */
	};
	rootObject = 9E89B24E1B934C74009A94AA /* Project object */;
}
